
Microsoft Visual Studio Solution File, Format Version 12.00
# Visual Studio Version 17
VisualStudioVersion = 17.8.34316.72
MinimumVisualStudioVersion = 10.0.40219.1
Project("{9A19103F-16F7-4668-BE54-9A1E7A4F7556}") = "Snai.CMS.Api_Core", "Snai.CMS.Api_Core\Snai.CMS.Api_Core.csproj", "{460B3452-C5AF-41D9-963E-2937F02861E9}"
EndProject
Global
	GlobalSection(SolutionConfigurationPlatforms) = preSolution
		Debug|Any CPU = Debug|Any CPU
		Release|Any CPU = Release|Any CPU
	EndGlobalSection
	GlobalSection(ProjectConfigurationPlatforms) = postSolution
		{460B3452-C5AF-41D9-963E-2937F02861E9}.Debug|Any CPU.ActiveCfg = Debug|Any CPU
		{460B3452-C5AF-41D9-963E-2937F02861E9}.Debug|Any CPU.Build.0 = Debug|Any CPU
		{460B3452-C5AF-41D9-963E-2937F02861E9}.Release|Any CPU.ActiveCfg = Release|Any CPU
		{460B3452-C5AF-41D9-963E-2937F02861E9}.Release|Any CPU.Build.0 = Release|Any CPU
	EndGlobalSection
	GlobalSection(SolutionProperties) = preSolution
		HideSolutionNode = FALSE
	EndGlobalSection
	GlobalSection(ExtensibilityGlobals) = postSolution
		SolutionGuid = {415B3072-BB34-46D3-B644-C9AC6D049D39}
	EndGlobalSection
EndGlobal
